
Microsoft Visual Studio Solution File, Format Version 12.00
# Visual Studio Version 16
VisualStudioVersion = 16.0.29009.5
MinimumVisualStudioVersion = 10.0.40219.1
Project("{FAE04EC0-301F-11D3-BF4B-00C04F79EFBC}") = "mail_storage", "mail_storage.csproj", "{69D002EF-C679-422F-A6CE-672C94CE8595}"
EndProject
Global
	GlobalSection(SolutionConfigurationPlatforms) = preSolution
		Debug|Any CPU = Debug|Any CPU
		Release|Any CPU = Release|Any CPU
	EndGlobalSection
	GlobalSection(ProjectConfigurationPlatforms) = postSolution
		{69D002EF-C679-422F-A6CE-672C94CE8595}.Debug|Any CPU.ActiveCfg = Debug|Any CPU
		{69D002EF-C679-422F-A6CE-672C94CE8595}.Debug|Any CPU.Build.0 = Debug|Any CPU
		{69D002EF-C679-422F-A6CE-672C94CE8595}.Release|Any CPU.ActiveCfg = Release|Any CPU
		{69D002EF-C679-422F-A6CE-672C94CE8595}.Release|Any CPU.Build.0 = Release|Any CPU
	EndGlobalSection
	GlobalSection(SolutionProperties) = preSolution
		HideSolutionNode = FALSE
	EndGlobalSection
	GlobalSection(ExtensibilityGlobals) = postSolution
		SolutionGuid = {9A78B6D3-894F-479B-8F79-28F9C89A572B}
	EndGlobalSection
EndGlobal
